
Microsoft Visual Studio Solution File, Format Version 12.00
# Visual Studio Version 16
VisualStudioVersion = 16.0.31424.327
MinimumVisualStudioVersion = 10.0.40219.1
Project("{9A19103F-16F7-4668-BE54-9A1E7A4F7556}") = "StudentData", "StudentData\StudentData.csproj", "{A4078BE3-68AB-4F61-8BE1-7937765DAB19}"
EndProject
Project("{2150E333-8FDC-42A3-9474-1A3956D46DE8}") = "Sql Query", "Sql Query", "{3334BB8B-274D-4F7D-85C4-F13E104F45AF}"
	ProjectSection(SolutionItems) = preProject
		msSql-Query\SqlQuery_1.sql = msSql-Query\SqlQuery_1.sql
	EndProjectSection
EndProject
Global
	GlobalSection(SolutionConfigurationPlatforms) = preSolution
		Debug|Any CPU = Debug|Any CPU
		Release|Any CPU = Release|Any CPU
	EndGlobalSection
	GlobalSection(ProjectConfigurationPlatforms) = postSolution
		{A4078BE3-68AB-4F61-8BE1-7937765DAB19}.Debug|Any CPU.ActiveCfg = Debug|Any CPU
		{A4078BE3-68AB-4F61-8BE1-7937765DAB19}.Debug|Any CPU.Build.0 = Debug|Any CPU
		{A4078BE3-68AB-4F61-8BE1-7937765DAB19}.Release|Any CPU.ActiveCfg = Release|Any CPU
		{A4078BE3-68AB-4F61-8BE1-7937765DAB19}.Release|Any CPU.Build.0 = Release|Any CPU
	EndGlobalSection
	GlobalSection(SolutionProperties) = preSolution
		HideSolutionNode = FALSE
	EndGlobalSection
	GlobalSection(ExtensibilityGlobals) = postSolution
		SolutionGuid = {6A59EB19-E842-49D9-B8EC-C980355EB379}
	EndGlobalSection
EndGlobal
